
Microsoft Visual Studio Solution File, Format Version 12.00
# Visual Studio Version 16
VisualStudioVersion = 16.0.29230.47
MinimumVisualStudioVersion = 10.0.40219.1
Project("{FAE04EC0-301F-11D3-BF4B-00C04F79EFBC}") = "App2.Android", "App2\App2.Android\App2.Android.csproj", "{31D73167-CD0C-4660-B20A-C9BE57A59821}"
EndProject
Project("{FAE04EC0-301F-11D3-BF4B-00C04F79EFBC}") = "App2.iOS", "App2\App2.iOS\App2.iOS.csproj", "{77AB83C3-4E8E-4A1A-8439-691102C62481}"
EndProject
Project("{9A19103F-16F7-4668-BE54-9A1E7A4F7556}") = "App2", "App2\App2\App2.csproj", "{66A0433C-FFFD-4F08-A8F3-475C5822B79A}"
EndProject
Global
	GlobalSection(SolutionConfigurationPlatforms) = preSolution
		Debug|Any CPU = Debug|Any CPU
		Debug|iPhone = Debug|iPhone
		Debug|iPhoneSimulator = Debug|iPhoneSimulator
		Release|Any CPU = Release|Any CPU
		Release|iPhone = Release|iPhone
		Release|iPhoneSimulator = Release|iPhoneSimulator
	EndGlobalSection
	GlobalSection(ProjectConfigurationPlatforms) = postSolution
		{31D73167-CD0C-4660-B20A-C9BE57A59821}.Debug|Any CPU.ActiveCfg = Debug|Any CPU
		{31D73167-CD0C-4660-B20A-C9BE57A59821}.Debug|Any CPU.Build.0 = Debug|Any CPU
		{31D73167-CD0C-4660-B20A-C9BE57A59821}.Debug|Any CPU.Deploy.0 = Debug|Any CPU
		{31D73167-CD0C-4660-B20A-C9BE57A59821}.Debug|iPhone.ActiveCfg = Debug|Any CPU
		{31D73167-CD0C-4660-B20A-C9BE57A59821}.Debug|iPhone.Build.0 = Debug|Any CPU
		{31D73167-CD0C-4660-B20A-C9BE57A59821}.Debug|iPhone.Deploy.0 = Debug|Any CPU
		{31D73167-CD0C-4660-B20A-C9BE57A59821}.Debug|iPhoneSimulator.ActiveCfg = Debug|Any CPU
		{31D73167-CD0C-4660-B20A-C9BE57A59821}.Debug|iPhoneSimulator.Build.0 = Debug|Any CPU
		{31D73167-CD0C-4660-B20A-C9BE57A59821}.Debug|iPhoneSimulator.Deploy.0 = Debug|Any CPU
		{31D73167-CD0C-4660-B20A-C9BE57A59821}.Release|Any CPU.ActiveCfg = Release|Any CPU
		{31D73167-CD0C-4660-B20A-C9BE57A59821}.Release|Any CPU.Build.0 = Release|Any CPU
		{31D73167-CD0C-4660-B20A-C9BE57A59821}.Release|Any CPU.Deploy.0 = Release|Any CPU
		{31D73167-CD0C-4660-B20A-C9BE57A59821}.Release|iPhone.ActiveCfg = Release|Any CPU
		{31D73167-CD0C-4660-B20A-C9BE57A59821}.Release|iPhone.Build.0 = Release|Any CPU
		{31D73167-CD0C-4660-B20A-C9BE57A59821}.Release|iPhone.Deploy.0 = Release|Any CPU
		{31D73167-CD0C-4660-B20A-C9BE57A59821}.Release|iPhoneSimulator.ActiveCfg = Release|Any CPU
		{31D73167-CD0C-4660-B20A-C9BE57A59821}.Release|iPhoneSimulator.Build.0 = Release|Any CPU
		{31D73167-CD0C-4660-B20A-C9BE57A59821}.Release|iPhoneSimulator.Deploy.0 = Release|Any CPU
		{77AB83C3-4E8E-4A1A-8439-691102C62481}.Debug|Any CPU.ActiveCfg = Debug|iPhoneSimulator
		{77AB83C3-4E8E-4A1A-8439-691102C62481}.Debug|Any CPU.Build.0 = Debug|iPhoneSimulator
		{77AB83C3-4E8E-4A1A-8439-691102C62481}.Debug|Any CPU.Deploy.0 = Debug|iPhoneSimulator
		{77AB83C3-4E8E-4A1A-8439-691102C62481}.Debug|iPhone.ActiveCfg = Debug|iPhone
		{77AB83C3-4E8E-4A1A-8439-691102C62481}.Debug|iPhone.Build.0 = Debug|iPhone
		{77AB83C3-4E8E-4A1A-8439-691102C62481}.Debug|iPhone.Deploy.0 = Debug|iPhone
		{77AB83C3-4E8E-4A1A-8439-691102C62481}.Debug|iPhoneSimulator.ActiveCfg = Debug|iPhoneSimulator
		{77AB83C3-4E8E-4A1A-8439-691102C62481}.Debug|iPhoneSimulator.Build.0 = Debug|iPhoneSimulator
		{77AB83C3-4E8E-4A1A-8439-691102C62481}.Debug|iPhoneSimulator.Deploy.0 = Debug|iPhoneSimulator
		{77AB83C3-4E8E-4A1A-8439-691102C62481}.Release|Any CPU.ActiveCfg = Release|iPhone
		{77AB83C3-4E8E-4A1A-8439-691102C62481}.Release|Any CPU.Build.0 = Release|iPhone
		{77AB83C3-4E8E-4A1A-8439-691102C62481}.Release|Any CPU.Deploy.0 = Release|iPhone
		{77AB83C3-4E8E-4A1A-8439-691102C62481}.Release|iPhone.ActiveCfg = Release|iPhone
		{77AB83C3-4E8E-4A1A-8439-691102C62481}.Release|iPhone.Build.0 = Release|iPhone
		{77AB83C3-4E8E-4A1A-8439-691102C62481}.Release|iPhone.Deploy.0 = Release|iPhone
		{77AB83C3-4E8E-4A1A-8439-691102C62481}.Release|iPhoneSimulator.ActiveCfg = Release|iPhoneSimulator
		{77AB83C3-4E8E-4A1A-8439-691102C62481}.Release|iPhoneSimulator.Build.0 = Release|iPhoneSimulator
		{77AB83C3-4E8E-4A1A-8439-691102C62481}.Release|iPhoneSimulator.Deploy.0 = Release|iPhoneSimulator
		{66A0433C-FFFD-4F08-A8F3-475C5822B79A}.Debug|Any CPU.ActiveCfg = Debug|Any CPU
		{66A0433C-FFFD-4F08-A8F3-475C5822B79A}.Debug|Any CPU.Build.0 = Debug|Any CPU
		{66A0433C-FFFD-4F08-A8F3-475C5822B79A}.Debug|Any CPU.Deploy.0 = Debug|Any CPU
		{66A0433C-FFFD-4F08-A8F3-475C5822B79A}.Debug|iPhone.ActiveCfg = Debug|Any CPU
		{66A0433C-FFFD-4F08-A8F3-475C5822B79A}.Debug|iPhone.Build.0 = Debug|Any CPU
		{66A0433C-FFFD-4F08-A8F3-475C5822B79A}.Debug|iPhone.Deploy.0 = Debug|Any CPU
		{66A0433C-FFFD-4F08-A8F3-475C5822B79A}.Debug|iPhoneSimulator.ActiveCfg = Debug|Any CPU
		{66A0433C-FFFD-4F08-A8F3-475C5822B79A}.Debug|iPhoneSimulator.Build.0 = Debug|Any CPU
		{66A0433C-FFFD-4F08-A8F3-475C5822B79A}.Debug|iPhoneSimulator.Deploy.0 = Debug|Any CPU
		{66A0433C-FFFD-4F08-A8F3-475C5822B79A}.Release|Any CPU.ActiveCfg = Release|Any CPU
		{66A0433C-FFFD-4F08-A8F3-475C5822B79A}.Release|Any CPU.Build.0 = Release|Any CPU
		{66A0433C-FFFD-4F08-A8F3-475C5822B79A}.Release|Any CPU.Deploy.0 = Release|Any CPU
		{66A0433C-FFFD-4F08-A8F3-475C5822B79A}.Release|iPhone.ActiveCfg = Release|Any CPU
		{66A0433C-FFFD-4F08-A8F3-475C5822B79A}.Release|iPhone.Build.0 = Release|Any CPU
		{66A0433C-FFFD-4F08-A8F3-475C5822B79A}.Release|iPhone.Deploy.0 = Release|Any CPU
		{66A0433C-FFFD-4F08-A8F3-475C5822B79A}.Release|iPhoneSimulator.ActiveCfg = Release|Any CPU
		{66A0433C-FFFD-4F08-A8F3-475C5822B79A}.Release|iPhoneSimulator.Build.0 = Release|Any CPU
		{66A0433C-FFFD-4F08-A8F3-475C5822B79A}.Release|iPhoneSimulator.Deploy.0 = Release|Any CPU
	EndGlobalSection
	GlobalSection(SolutionProperties) = preSolution
		HideSolutionNode = FALSE
	EndGlobalSection
	GlobalSection(ExtensibilityGlobals) = postSolution
		SolutionGuid = {0B9629A8-F936-463D-B552-AC016D56B74D}
	EndGlobalSection
EndGlobal
